Microsoft Visual Studio Solution File, Format Version 12.00
# Visual Studio Version 17
VisualStudioVersion = 17.0.31903.59
MinimumVisualStudioVersion = 10.0.40219.1
Project("{2150E333-8FDC-42A3-9474-1A3956D46DE8}") = "src", "src", "{827E0CD3-B72D-47B6-A68D-7590B98EB39B}"
EndProject
Project("{2150E333-8FDC-42A3-9474-1A3956D46DE8}") = "api", "api", "{81034408-37C8-1011-444E-4C15C2FADA8E}"
EndProject
Project("{FAE04EC0-301F-11D3-BF4B-00C04F79EFBC}") = "Shipstone.Authenticator.Api.WebApi", "src\api\Shipstone.Authenticator.Api.WebApi.csproj", "{294331CA-3224-4A2F-A557-73F0018CAC61}"
EndProject
Project("{2150E333-8FDC-42A3-9474-1A3956D46DE8}") = "core", "core", "{8D626EA8-CB54-BC41-363A-217881BEBA6E}"
EndProject
Project("{2150E333-8FDC-42A3-9474-1A3956D46DE8}") = "core", "core", "{E30A4630-CF3D-041B-5C8A-3C91D48EEA9E}"
EndProject
Project("{FAE04EC0-301F-11D3-BF4B-00C04F79EFBC}") = "Shipstone.Authenticator.Api.Core", "src\core\core\Shipstone.Authenticator.Api.Core.csproj", "{BCFF7CA0-8148-4CCE-A6F6-BE62B0BA9351}"
EndProject
Project("{2150E333-8FDC-42A3-9474-1A3956D46DE8}") = "infrastructure", "infrastructure", "{9048EB7F-3875-A59E-E36B-5BD4C6F2A282}"
EndProject
Project("{2150E333-8FDC-42A3-9474-1A3956D46DE8}") = "abstractions", "abstractions", "{7E4628F6-5B40-F452-D590-E56E753E3C1F}"
EndProject
Project("{FAE04EC0-301F-11D3-BF4B-00C04F79EFBC}") = "Shipstone.Authenticator.Api.Infrastructure.Abstractions", "src\infrastructure\abstractions\Shipstone.Authenticator.Api.Infrastructure.Abstractions.csproj", "{90EC0863-9A60-43C0-9D9E-786C59E9B81F}"
EndProject
Project("{2150E333-8FDC-42A3-9474-1A3956D46DE8}") = "abstractions", "abstractions", "{AC5B9AF4-778F-11EA-E6E3-4E8474AEC7E4}"
EndProject
Project("{FAE04EC0-301F-11D3-BF4B-00C04F79EFBC}") = "Shipstone.Authenticator.Api.Core.Abstractions", "src\core\abstractions\Shipstone.Authenticator.Api.Core.Abstractions.csproj", "{6AF4EA72-CF5B-4400-BC4A-A9F5BF9CFB64}"
EndProject
Project("{2150E333-8FDC-42A3-9474-1A3956D46DE8}") = "authentication", "authentication", "{0AC990EA-A87E-64B3-9F49-BCAADCA6902B}"
EndProject
Project("{FAE04EC0-301F-11D3-BF4B-00C04F79EFBC}") = "Shipstone.Authenticator.Api.Infrastructure.Authentication", "src\infrastructure\authentication\Shipstone.Authenticator.Api.Infrastructure.Authentication.csproj", "{51372361-453D-4B13-A9D5-39753DE8F03B}"
EndProject
Project("{2150E333-8FDC-42A3-9474-1A3956D46DE8}") = "data", "data", "{DADA25D2-91ED-DD17-EEC4-10F9A22E2B61}"
EndProject
Project("{2150E333-8FDC-42A3-9474-1A3956D46DE8}") = "mysql", "mysql", "{558DC9C5-209F-0C97-5A02-E2FED02EA1D3}"
EndProject
Project("{FAE04EC0-301F-11D3-BF4B-00C04F79EFBC}") = "Shipstone.Authenticator.Api.Infrastructure.Data.MySql", "src\infrastructure\data\mysql\Shipstone.Authenticator.Api.Infrastructure.Data.MySql.csproj", "{635C9AB8-1C62-47CB-A0B7-2BE4F2C7B694}"
EndProject
Project("{2150E333-8FDC-42A3-9474-1A3956D46DE8}") = "efcore", "efcore", "{B22F2D0D-CB88-B0C2-D2B6-FA1066FFB84A}"
EndProject
Project("{FAE04EC0-301F-11D3-BF4B-00C04F79EFBC}") = "Shipstone.Authenticator.Api.Infrastructure.Data", "src\infrastructure\data\efcore\Shipstone.Authenticator.Api.Infrastructure.Data.csproj", "{B0F095F9-6E41-4F88-9C3B-300C3645FD47}"
EndProject
Project("{2150E333-8FDC-42A3-9474-1A3956D46DE8}") = "mail", "mail", "{0A7E7CF0-AA2C-09AB-D9A4-1A7E51578553}"
EndProject
Project("{FAE04EC0-301F-11D3-BF4B-00C04F79EFBC}") = "Shipstone.Authenticator.Api.Infrastructure.Mail", "src\infrastructure\mail\Shipstone.Authenticator.Api.Infrastructure.Mail.csproj", "{2969CFE7-C509-442E-9423-97A290B7FEC6}"
EndProject
Project("{2150E333-8FDC-42A3-9474-1A3956D46DE8}") = "web", "web", "{03997797-E7F5-0643-168D-B8EA7178C2FE}"
EndProject
Project("{FAE04EC0-301F-11D3-BF4B-00C04F79EFBC}") = "Shipstone.Authenticator.Api.Web", "src\web\Shipstone.Authenticator.Api.Web.csproj", "{4DDB4223-E6D5-4FC8-9BFD-997DF1D31359}"
EndProject
Project("{2150E333-8FDC-42A3-9474-1A3956D46DE8}") = "tests", "tests", "{0AB3BF05-4346-4AA6-1389-037BE0695223}"
EndProject
Project("{2150E333-8FDC-42A3-9474-1A3956D46DE8}") = "core", "core", "{5C35D9BE-388A-8745-CD5F-BB8E361A8720}"
EndProject
Project("{2150E333-8FDC-42A3-9474-1A3956D46DE8}") = "abstractions", "abstractions", "{DD26227D-6804-4273-26FB-2663AABF20D4}"
EndProject
Project("{FAE04EC0-301F-11D3-BF4B-00C04F79EFBC}") = "Shipstone.Authenticator.Api.Core.AbstractionsTest", "tests\core\abstractions\Shipstone.Authenticator.Api.Core.AbstractionsTest.csproj", "{DCB64040-3E35-41AC-B491-57E90BDA34DB}"
EndProject
Project("{2150E333-8FDC-42A3-9474-1A3956D46DE8}") = "core", "core", "{32FAC547-487D-036E-529A-3A67AA3D757B}"
EndProject
Project("{FAE04EC0-301F-11D3-BF4B-00C04F79EFBC}") = "Shipstone.Authenticator.Api.CoreTest", "tests\core\core\Shipstone.Authenticator.Api.CoreTest.csproj", "{AADE660D-5F79-4F2E-AAEE-61A1FEBAE55C}"
EndProject
Project("{2150E333-8FDC-42A3-9474-1A3956D46DE8}") = "infrastucture", "infrastucture", "{8A547239-3350-DF05-EFBA-3A91D19B1EC5}"
EndProject
Project("{2150E333-8FDC-42A3-9474-1A3956D46DE8}") = "abstractions", "abstractions", "{91D01082-7AC7-BFA7-1772-F5C4C4F6F1AD}"
EndProject
Project("{FAE04EC0-301F-11D3-BF4B-00C04F79EFBC}") = "Shipstone.Authenticator.Api.Infrastructure.AbstractionsTest", "tests\infrastucture\abstractions\Shipstone.Authenticator.Api.Infrastructure.AbstractionsTest.csproj", "{04C75D95-5E76-4C72-89C8-D6FAC8CD7E82}"
EndProject
Project("{2150E333-8FDC-42A3-9474-1A3956D46DE8}") = "authentication", "authentication", "{B67DDE88-3CCB-D6C4-3B24-5975E3DC406F}"
EndProject
Project("{FAE04EC0-301F-11D3-BF4B-00C04F79EFBC}") = "Shipstone.Authenticator.Api.Infrastructure.AuthenticationTest", "tests\infrastucture\authentication\Shipstone.Authenticator.Api.Infrastructure.AuthenticationTest.csproj", "{C9B24B10-0EF4-4262-AD7C-B27C6B1EAF88}"
EndProject
Project("{2150E333-8FDC-42A3-9474-1A3956D46DE8}") = "data", "data", "{E8907EB9-5E83-3880-CFAC-B486511CC87F}"
EndProject
Project("{2150E333-8FDC-42A3-9474-1A3956D46DE8}") = "efcore", "efcore", "{8BCA9F4A-DB5A-1F03-9F50-1A192E10E0FD}"
EndProject
Project("{FAE04EC0-301F-11D3-BF4B-00C04F79EFBC}") = "Shipstone.Authenticator.Api.Infrastructure.DataTest", "tests\infrastucture\data\efcore\Shipstone.Authenticator.Api.Infrastructure.DataTest.csproj", "{99CA1986-1B32-4D61-A656-7DC85B5A1774}"
EndProject
Project("{2150E333-8FDC-42A3-9474-1A3956D46DE8}") = "mysql", "mysql", "{5C4E8EDA-F03A-4CAA-7FBF-F265CFB34926}"
EndProject
Project("{FAE04EC0-301F-11D3-BF4B-00C04F79EFBC}") = "Shipstone.Authenticator.Api.Infrastructure.Data.MySqlTest", "tests\infrastucture\data\mysql\Shipstone.Authenticator.Api.Infrastructure.Data.MySqlTest.csproj", "{190865AB-6051-4F3B-BC6F-77BC260D3BE4}"
EndProject
Project("{2150E333-8FDC-42A3-9474-1A3956D46DE8}") = "mail", "mail", "{87177AF3-BA25-147A-2110-E5A7CDE81EEA}"
EndProject
Project("{FAE04EC0-301F-11D3-BF4B-00C04F79EFBC}") = "Shipstone.Authenticator.Api.Infrastructure.MailTest", "tests\infrastucture\mail\Shipstone.Authenticator.Api.Infrastructure.MailTest.csproj", "{38CACB4F-239C-49FF-BEB4-160CAADE2422}"
EndProject
Project("{2150E333-8FDC-42A3-9474-1A3956D46DE8}") = "web", "web", "{62EB4910-3085-D5F7-07F0-ADDD05668AE4}"
EndProject
Project("{FAE04EC0-301F-11D3-BF4B-00C04F79EFBC}") = "Shipstone.Authenticator.Api.WebTest", "tests\web\Shipstone.Authenticator.Api.WebTest.csproj", "{E78BC492-0E36-4876-8FC4-D8908A53DAA2}"
EndProject

Global
	GlobalSection(SolutionConfigurationPlatforms) = preSolution
		Debug|Any CPU = Debug|Any CPU
		Debug|x64 = Debug|x64
		Debug|x86 = Debug|x86
		Release|Any CPU = Release|Any CPU
		Release|x64 = Release|x64
		Release|x86 = Release|x86
	EndGlobalSection

	GlobalSection(ProjectConfigurationPlatforms) = postSolution
		{294331CA-3224-4A2F-A557-73F0018CAC61}.Debug|Any CPU.ActiveCfg = Debug|Any CPU
		{294331CA-3224-4A2F-A557-73F0018CAC61}.Debug|Any CPU.Build.0 = Debug|Any CPU
		{294331CA-3224-4A2F-A557-73F0018CAC61}.Debug|x64.ActiveCfg = Debug|Any CPU
		{294331CA-3224-4A2F-A557-73F0018CAC61}.Debug|x64.Build.0 = Debug|Any CPU
		{294331CA-3224-4A2F-A557-73F0018CAC61}.Debug|x86.ActiveCfg = Debug|Any CPU
		{294331CA-3224-4A2F-A557-73F0018CAC61}.Debug|x86.Build.0 = Debug|Any CPU
		{294331CA-3224-4A2F-A557-73F0018CAC61}.Release|Any CPU.ActiveCfg = Release|Any CPU
		{294331CA-3224-4A2F-A557-73F0018CAC61}.Release|Any CPU.Build.0 = Release|Any CPU
		{294331CA-3224-4A2F-A557-73F0018CAC61}.Release|x64.ActiveCfg = Release|Any CPU
		{294331CA-3224-4A2F-A557-73F0018CAC61}.Release|x64.Build.0 = Release|Any CPU
		{294331CA-3224-4A2F-A557-73F0018CAC61}.Release|x86.ActiveCfg = Release|Any CPU
		{294331CA-3224-4A2F-A557-73F0018CAC61}.Release|x86.Build.0 = Release|Any CPU
		{BCFF7CA0-8148-4CCE-A6F6-BE62B0BA9351}.Debug|Any CPU.ActiveCfg = Debug|Any CPU
		{BCFF7CA0-8148-4CCE-A6F6-BE62B0BA9351}.Debug|Any CPU.Build.0 = Debug|Any CPU
		{BCFF7CA0-8148-4CCE-A6F6-BE62B0BA9351}.Debug|x64.ActiveCfg = Debug|Any CPU
		{BCFF7CA0-8148-4CCE-A6F6-BE62B0BA9351}.Debug|x64.Build.0 = Debug|Any CPU
		{BCFF7CA0-8148-4CCE-A6F6-BE62B0BA9351}.Debug|x86.ActiveCfg = Debug|Any CPU
		{BCFF7CA0-8148-4CCE-A6F6-BE62B0BA9351}.Debug|x86.Build.0 = Debug|Any CPU
		{BCFF7CA0-8148-4CCE-A6F6-BE62B0BA9351}.Release|Any CPU.ActiveCfg = Release|Any CPU
		{BCFF7CA0-8148-4CCE-A6F6-BE62B0BA9351}.Release|Any CPU.Build.0 = Release|Any CPU
		{BCFF7CA0-8148-4CCE-A6F6-BE62B0BA9351}.Release|x64.ActiveCfg = Release|Any CPU
		{BCFF7CA0-8148-4CCE-A6F6-BE62B0BA9351}.Release|x64.Build.0 = Release|Any CPU
		{BCFF7CA0-8148-4CCE-A6F6-BE62B0BA9351}.Release|x86.ActiveCfg = Release|Any CPU
		{BCFF7CA0-8148-4CCE-A6F6-BE62B0BA9351}.Release|x86.Build.0 = Release|Any CPU
		{90EC0863-9A60-43C0-9D9E-786C59E9B81F}.Debug|Any CPU.ActiveCfg = Debug|Any CPU
		{90EC0863-9A60-43C0-9D9E-786C59E9B81F}.Debug|Any CPU.Build.0 = Debug|Any CPU
		{90EC0863-9A60-43C0-9D9E-786C59E9B81F}.Debug|x64.ActiveCfg = Debug|Any CPU
		{90EC0863-9A60-43C0-9D9E-786C59E9B81F}.Debug|x64.Build.0 = Debug|Any CPU
		{90EC0863-9A60-43C0-9D9E-786C59E9B81F}.Debug|x86.ActiveCfg = Debug|Any CPU
		{90EC0863-9A60-43C0-9D9E-786C59E9B81F}.Debug|x86.Build.0 = Debug|Any CPU
		{90EC0863-9A60-43C0-9D9E-786C59E9B81F}.Release|Any CPU.ActiveCfg = Release|Any CPU
		{90EC0863-9A60-43C0-9D9E-786C59E9B81F}.Release|Any CPU.Build.0 = Release|Any CPU
		{90EC0863-9A60-43C0-9D9E-786C59E9B81F}.Release|x64.ActiveCfg = Release|Any CPU
		{90EC0863-9A60-43C0-9D9E-786C59E9B81F}.Release|x64.Build.0 = Release|Any CPU
		{90EC0863-9A60-43C0-9D9E-786C59E9B81F}.Release|x86.ActiveCfg = Release|Any CPU
		{90EC0863-9A60-43C0-9D9E-786C59E9B81F}.Release|x86.Build.0 = Release|Any CPU
		{6AF4EA72-CF5B-4400-BC4A-A9F5BF9CFB64}.Debug|Any CPU.ActiveCfg = Debug|Any CPU
		{6AF4EA72-CF5B-4400-BC4A-A9F5BF9CFB64}.Debug|Any CPU.Build.0 = Debug|Any CPU
		{6AF4EA72-CF5B-4400-BC4A-A9F5BF9CFB64}.Debug|x64.ActiveCfg = Debug|Any CPU
		{6AF4EA72-CF5B-4400-BC4A-A9F5BF9CFB64}.Debug|x64.Build.0 = Debug|Any CPU
		{6AF4EA72-CF5B-4400-BC4A-A9F5BF9CFB64}.Debug|x86.ActiveCfg = Debug|Any CPU
		{6AF4EA72-CF5B-4400-BC4A-A9F5BF9CFB64}.Debug|x86.Build.0 = Debug|Any CPU
		{6AF4EA72-CF5B-4400-BC4A-A9F5BF9CFB64}.Release|Any CPU.ActiveCfg = Release|Any CPU
		{6AF4EA72-CF5B-4400-BC4A-A9F5BF9CFB64}.Release|Any CPU.Build.0 = Release|Any CPU
		{6AF4EA72-CF5B-4400-BC4A-A9F5BF9CFB64}.Release|x64.ActiveCfg = Release|Any CPU
		{6AF4EA72-CF5B-4400-BC4A-A9F5BF9CFB64}.Release|x64.Build.0 = Release|Any CPU
		{6AF4EA72-CF5B-4400-BC4A-A9F5BF9CFB64}.Release|x86.ActiveCfg = Release|Any CPU
		{6AF4EA72-CF5B-4400-BC4A-A9F5BF9CFB64}.Release|x86.Build.0 = Release|Any CPU
		{51372361-453D-4B13-A9D5-39753DE8F03B}.Debug|Any CPU.ActiveCfg = Debug|Any CPU
		{51372361-453D-4B13-A9D5-39753DE8F03B}.Debug|Any CPU.Build.0 = Debug|Any CPU
		{51372361-453D-4B13-A9D5-39753DE8F03B}.Debug|x64.ActiveCfg = Debug|Any CPU
		{51372361-453D-4B13-A9D5-39753DE8F03B}.Debug|x64.Build.0 = Debug|Any CPU
		{51372361-453D-4B13-A9D5-39753DE8F03B}.Debug|x86.ActiveCfg = Debug|Any CPU
		{51372361-453D-4B13-A9D5-39753DE8F03B}.Debug|x86.Build.0 = Debug|Any CPU
		{51372361-453D-4B13-A9D5-39753DE8F03B}.Release|Any CPU.ActiveCfg = Release|Any CPU
		{51372361-453D-4B13-A9D5-39753DE8F03B}.Release|Any CPU.Build.0 = Release|Any CPU
		{51372361-453D-4B13-A9D5-39753DE8F03B}.Release|x64.ActiveCfg = Release|Any CPU
		{51372361-453D-4B13-A9D5-39753DE8F03B}.Release|x64.Build.0 = Release|Any CPU
		{51372361-453D-4B13-A9D5-39753DE8F03B}.Release|x86.ActiveCfg = Release|Any CPU
		{51372361-453D-4B13-A9D5-39753DE8F03B}.Release|x86.Build.0 = Release|Any CPU
		{635C9AB8-1C62-47CB-A0B7-2BE4F2C7B694}.Debug|Any CPU.ActiveCfg = Debug|Any CPU
		{635C9AB8-1C62-47CB-A0B7-2BE4F2C7B694}.Debug|Any CPU.Build.0 = Debug|Any CPU
		{635C9AB8-1C62-47CB-A0B7-2BE4F2C7B694}.Debug|x64.ActiveCfg = Debug|Any CPU
		{635C9AB8-1C62-47CB-A0B7-2BE4F2C7B694}.Debug|x64.Build.0 = Debug|Any CPU
		{635C9AB8-1C62-47CB-A0B7-2BE4F2C7B694}.Debug|x86.ActiveCfg = Debug|Any CPU
		{635C9AB8-1C62-47CB-A0B7-2BE4F2C7B694}.Debug|x86.Build.0 = Debug|Any CPU
		{635C9AB8-1C62-47CB-A0B7-2BE4F2C7B694}.Release|Any CPU.ActiveCfg = Release|Any CPU
		{635C9AB8-1C62-47CB-A0B7-2BE4F2C7B694}.Release|Any CPU.Build.0 = Release|Any CPU
		{635C9AB8-1C62-47CB-A0B7-2BE4F2C7B694}.Release|x64.ActiveCfg = Release|Any CPU
		{635C9AB8-1C62-47CB-A0B7-2BE4F2C7B694}.Release|x64.Build.0 = Release|Any CPU
		{635C9AB8-1C62-47CB-A0B7-2BE4F2C7B694}.Release|x86.ActiveCfg = Release|Any CPU
		{635C9AB8-1C62-47CB-A0B7-2BE4F2C7B694}.Release|x86.Build.0 = Release|Any CPU
		{B0F095F9-6E41-4F88-9C3B-300C3645FD47}.Debug|Any CPU.ActiveCfg = Debug|Any CPU
		{B0F095F9-6E41-4F88-9C3B-300C3645FD47}.Debug|Any CPU.Build.0 = Debug|Any CPU
		{B0F095F9-6E41-4F88-9C3B-300C3645FD47}.Debug|x64.ActiveCfg = Debug|Any CPU
		{B0F095F9-6E41-4F88-9C3B-300C3645FD47}.Debug|x64.Build.0 = Debug|Any CPU
		{B0F095F9-6E41-4F88-9C3B-300C3645FD47}.Debug|x86.ActiveCfg = Debug|Any CPU
		{B0F095F9-6E41-4F88-9C3B-300C3645FD47}.Debug|x86.Build.0 = Debug|Any CPU
		{B0F095F9-6E41-4F88-9C3B-300C3645FD47}.Release|Any CPU.ActiveCfg = Release|Any CPU
		{B0F095F9-6E41-4F88-9C3B-300C3645FD47}.Release|Any CPU.Build.0 = Release|Any CPU
		{B0F095F9-6E41-4F88-9C3B-300C3645FD47}.Release|x64.ActiveCfg = Release|Any CPU
		{B0F095F9-6E41-4F88-9C3B-300C3645FD47}.Release|x64.Build.0 = Release|Any CPU
		{B0F095F9-6E41-4F88-9C3B-300C3645FD47}.Release|x86.ActiveCfg = Release|Any CPU
		{B0F095F9-6E41-4F88-9C3B-300C3645FD47}.Release|x86.Build.0 = Release|Any CPU
		{2969CFE7-C509-442E-9423-97A290B7FEC6}.Debug|Any CPU.ActiveCfg = Debug|Any CPU
		{2969CFE7-C509-442E-9423-97A290B7FEC6}.Debug|Any CPU.Build.0 = Debug|Any CPU
		{2969CFE7-C509-442E-9423-97A290B7FEC6}.Debug|x64.ActiveCfg = Debug|Any CPU
		{2969CFE7-C509-442E-9423-97A290B7FEC6}.Debug|x64.Build.0 = Debug|Any CPU
		{2969CFE7-C509-442E-9423-97A290B7FEC6}.Debug|x86.ActiveCfg = Debug|Any CPU
		{2969CFE7-C509-442E-9423-97A290B7FEC6}.Debug|x86.Build.0 = Debug|Any CPU
		{2969CFE7-C509-442E-9423-97A290B7FEC6}.Release|Any CPU.ActiveCfg = Release|Any CPU
		{2969CFE7-C509-442E-9423-97A290B7FEC6}.Release|Any CPU.Build.0 = Release|Any CPU
		{2969CFE7-C509-442E-9423-97A290B7FEC6}.Release|x64.ActiveCfg = Release|Any CPU
		{2969CFE7-C509-442E-9423-97A290B7FEC6}.Release|x64.Build.0 = Release|Any CPU
		{2969CFE7-C509-442E-9423-97A290B7FEC6}.Release|x86.ActiveCfg = Release|Any CPU
		{2969CFE7-C509-442E-9423-97A290B7FEC6}.Release|x86.Build.0 = Release|Any CPU
		{4DDB4223-E6D5-4FC8-9BFD-997DF1D31359}.Debug|Any CPU.ActiveCfg = Debug|Any CPU
		{4DDB4223-E6D5-4FC8-9BFD-997DF1D31359}.Debug|Any CPU.Build.0 = Debug|Any CPU
		{4DDB4223-E6D5-4FC8-9BFD-997DF1D31359}.Debug|x64.ActiveCfg = Debug|Any CPU
		{4DDB4223-E6D5-4FC8-9BFD-997DF1D31359}.Debug|x64.Build.0 = Debug|Any CPU
		{4DDB4223-E6D5-4FC8-9BFD-997DF1D31359}.Debug|x86.ActiveCfg = Debug|Any CPU
		{4DDB4223-E6D5-4FC8-9BFD-997DF1D31359}.Debug|x86.Build.0 = Debug|Any CPU
		{4DDB4223-E6D5-4FC8-9BFD-997DF1D31359}.Release|Any CPU.ActiveCfg = Release|Any CPU
		{4DDB4223-E6D5-4FC8-9BFD-997DF1D31359}.Release|Any CPU.Build.0 = Release|Any CPU
		{4DDB4223-E6D5-4FC8-9BFD-997DF1D31359}.Release|x64.ActiveCfg = Release|Any CPU
		{4DDB4223-E6D5-4FC8-9BFD-997DF1D31359}.Release|x64.Build.0 = Release|Any CPU
		{4DDB4223-E6D5-4FC8-9BFD-997DF1D31359}.Release|x86.ActiveCfg = Release|Any CPU
		{4DDB4223-E6D5-4FC8-9BFD-997DF1D31359}.Release|x86.Build.0 = Release|Any CPU
		{DCB64040-3E35-41AC-B491-57E90BDA34DB}.Debug|Any CPU.ActiveCfg = Debug|Any CPU
		{DCB64040-3E35-41AC-B491-57E90BDA34DB}.Debug|Any CPU.Build.0 = Debug|Any CPU
		{DCB64040-3E35-41AC-B491-57E90BDA34DB}.Debug|x64.ActiveCfg = Debug|Any CPU
		{DCB64040-3E35-41AC-B491-57E90BDA34DB}.Debug|x64.Build.0 = Debug|Any CPU
		{DCB64040-3E35-41AC-B491-57E90BDA34DB}.Debug|x86.ActiveCfg = Debug|Any CPU
		{DCB64040-3E35-41AC-B491-57E90BDA34DB}.Debug|x86.Build.0 = Debug|Any CPU
		{DCB64040-3E35-41AC-B491-57E90BDA34DB}.Release|Any CPU.ActiveCfg = Release|Any CPU
		{DCB64040-3E35-41AC-B491-57E90BDA34DB}.Release|Any CPU.Build.0 = Release|Any CPU
		{DCB64040-3E35-41AC-B491-57E90BDA34DB}.Release|x64.ActiveCfg = Release|Any CPU
		{DCB64040-3E35-41AC-B491-57E90BDA34DB}.Release|x64.Build.0 = Release|Any CPU
		{DCB64040-3E35-41AC-B491-57E90BDA34DB}.Release|x86.ActiveCfg = Release|Any CPU
		{DCB64040-3E35-41AC-B491-57E90BDA34DB}.Release|x86.Build.0 = Release|Any CPU
		{AADE660D-5F79-4F2E-AAEE-61A1FEBAE55C}.Debug|Any CPU.ActiveCfg = Debug|Any CPU
		{AADE660D-5F79-4F2E-AAEE-61A1FEBAE55C}.Debug|Any CPU.Build.0 = Debug|Any CPU
		{AADE660D-5F79-4F2E-AAEE-61A1FEBAE55C}.Debug|x64.ActiveCfg = Debug|Any CPU
		{AADE660D-5F79-4F2E-AAEE-61A1FEBAE55C}.Debug|x64.Build.0 = Debug|Any CPU
		{AADE660D-5F79-4F2E-AAEE-61A1FEBAE55C}.Debug|x86.ActiveCfg = Debug|Any CPU
		{AADE660D-5F79-4F2E-AAEE-61A1FEBAE55C}.Debug|x86.Build.0 = Debug|Any CPU
		{AADE660D-5F79-4F2E-AAEE-61A1FEBAE55C}.Release|Any CPU.ActiveCfg = Release|Any CPU
		{AADE660D-5F79-4F2E-AAEE-61A1FEBAE55C}.Release|Any CPU.Build.0 = Release|Any CPU
		{AADE660D-5F79-4F2E-AAEE-61A1FEBAE55C}.Release|x64.ActiveCfg = Release|Any CPU
		{AADE660D-5F79-4F2E-AAEE-61A1FEBAE55C}.Release|x64.Build.0 = Release|Any CPU
		{AADE660D-5F79-4F2E-AAEE-61A1FEBAE55C}.Release|x86.ActiveCfg = Release|Any CPU
		{AADE660D-5F79-4F2E-AAEE-61A1FEBAE55C}.Release|x86.Build.0 = Release|Any CPU
		{04C75D95-5E76-4C72-89C8-D6FAC8CD7E82}.Debug|Any CPU.ActiveCfg = Debug|Any CPU
		{04C75D95-5E76-4C72-89C8-D6FAC8CD7E82}.Debug|Any CPU.Build.0 = Debug|Any CPU
		{04C75D95-5E76-4C72-89C8-D6FAC8CD7E82}.Debug|x64.ActiveCfg = Debug|Any CPU
		{04C75D95-5E76-4C72-89C8-D6FAC8CD7E82}.Debug|x64.Build.0 = Debug|Any CPU
		{04C75D95-5E76-4C72-89C8-D6FAC8CD7E82}.Debug|x86.ActiveCfg = Debug|Any CPU
		{04C75D95-5E76-4C72-89C8-D6FAC8CD7E82}.Debug|x86.Build.0 = Debug|Any CPU
		{04C75D95-5E76-4C72-89C8-D6FAC8CD7E82}.Release|Any CPU.ActiveCfg = Release|Any CPU
		{04C75D95-5E76-4C72-89C8-D6FAC8CD7E82}.Release|Any CPU.Build.0 = Release|Any CPU
		{04C75D95-5E76-4C72-89C8-D6FAC8CD7E82}.Release|x64.ActiveCfg = Release|Any CPU
		{04C75D95-5E76-4C72-89C8-D6FAC8CD7E82}.Release|x64.Build.0 = Release|Any CPU
		{04C75D95-5E76-4C72-89C8-D6FAC8CD7E82}.Release|x86.ActiveCfg = Release|Any CPU
		{04C75D95-5E76-4C72-89C8-D6FAC8CD7E82}.Release|x86.Build.0 = Release|Any CPU
		{C9B24B10-0EF4-4262-AD7C-B27C6B1EAF88}.Debug|Any CPU.ActiveCfg = Debug|Any CPU
		{C9B24B10-0EF4-4262-AD7C-B27C6B1EAF88}.Debug|Any CPU.Build.0 = Debug|Any CPU
		{C9B24B10-0EF4-4262-AD7C-B27C6B1EAF88}.Debug|x64.ActiveCfg = Debug|Any CPU
		{C9B24B10-0EF4-4262-AD7C-B27C6B1EAF88}.Debug|x64.Build.0 = Debug|Any CPU
		{C9B24B10-0EF4-4262-AD7C-B27C6B1EAF88}.Debug|x86.ActiveCfg = Debug|Any CPU
		{C9B24B10-0EF4-4262-AD7C-B27C6B1EAF88}.Debug|x86.Build.0 = Debug|Any CPU
		{C9B24B10-0EF4-4262-AD7C-B27C6B1EAF88}.Release|Any CPU.ActiveCfg = Release|Any CPU
		{C9B24B10-0EF4-4262-AD7C-B27C6B1EAF88}.Release|Any CPU.Build.0 = Release|Any CPU
		{C9B24B10-0EF4-4262-AD7C-B27C6B1EAF88}.Release|x64.ActiveCfg = Release|Any CPU
		{C9B24B10-0EF4-4262-AD7C-B27C6B1EAF88}.Release|x64.Build.0 = Release|Any CPU
		{C9B24B10-0EF4-4262-AD7C-B27C6B1EAF88}.Release|x86.ActiveCfg = Release|Any CPU
		{C9B24B10-0EF4-4262-AD7C-B27C6B1EAF88}.Release|x86.Build.0 = Release|Any CPU
		{99CA1986-1B32-4D61-A656-7DC85B5A1774}.Debug|Any CPU.ActiveCfg = Debug|Any CPU
		{99CA1986-1B32-4D61-A656-7DC85B5A1774}.Debug|Any CPU.Build.0 = Debug|Any CPU
		{99CA1986-1B32-4D61-A656-7DC85B5A1774}.Debug|x64.ActiveCfg = Debug|Any CPU
		{99CA1986-1B32-4D61-A656-7DC85B5A1774}.Debug|x64.Build.0 = Debug|Any CPU
		{99CA1986-1B32-4D61-A656-7DC85B5A1774}.Debug|x86.ActiveCfg = Debug|Any CPU
		{99CA1986-1B32-4D61-A656-7DC85B5A1774}.Debug|x86.Build.0 = Debug|Any CPU
		{99CA1986-1B32-4D61-A656-7DC85B5A1774}.Release|Any CPU.ActiveCfg = Release|Any CPU
		{99CA1986-1B32-4D61-A656-7DC85B5A1774}.Release|Any CPU.Build.0 = Release|Any CPU
		{99CA1986-1B32-4D61-A656-7DC85B5A1774}.Release|x64.ActiveCfg = Release|Any CPU
		{99CA1986-1B32-4D61-A656-7DC85B5A1774}.Release|x64.Build.0 = Release|Any CPU
		{99CA1986-1B32-4D61-A656-7DC85B5A1774}.Release|x86.ActiveCfg = Release|Any CPU
		{99CA1986-1B32-4D61-A656-7DC85B5A1774}.Release|x86.Build.0 = Release|Any CPU
		{190865AB-6051-4F3B-BC6F-77BC260D3BE4}.Debug|Any CPU.ActiveCfg = Debug|Any CPU
		{190865AB-6051-4F3B-BC6F-77BC260D3BE4}.Debug|Any CPU.Build.0 = Debug|Any CPU
		{190865AB-6051-4F3B-BC6F-77BC260D3BE4}.Debug|x64.ActiveCfg = Debug|Any CPU
		{190865AB-6051-4F3B-BC6F-77BC260D3BE4}.Debug|x64.Build.0 = Debug|Any CPU
		{190865AB-6051-4F3B-BC6F-77BC260D3BE4}.Debug|x86.ActiveCfg = Debug|Any CPU
		{190865AB-6051-4F3B-BC6F-77BC260D3BE4}.Debug|x86.Build.0 = Debug|Any CPU
		{190865AB-6051-4F3B-BC6F-77BC260D3BE4}.Release|Any CPU.ActiveCfg = Release|Any CPU
		{190865AB-6051-4F3B-BC6F-77BC260D3BE4}.Release|Any CPU.Build.0 = Release|Any CPU
		{190865AB-6051-4F3B-BC6F-77BC260D3BE4}.Release|x64.ActiveCfg = Release|Any CPU
		{190865AB-6051-4F3B-BC6F-77BC260D3BE4}.Release|x64.Build.0 = Release|Any CPU
		{190865AB-6051-4F3B-BC6F-77BC260D3BE4}.Release|x86.ActiveCfg = Release|Any CPU
		{190865AB-6051-4F3B-BC6F-77BC260D3BE4}.Release|x86.Build.0 = Release|Any CPU
		{38CACB4F-239C-49FF-BEB4-160CAADE2422}.Debug|Any CPU.ActiveCfg = Debug|Any CPU
		{38CACB4F-239C-49FF-BEB4-160CAADE2422}.Debug|Any CPU.Build.0 = Debug|Any CPU
		{38CACB4F-239C-49FF-BEB4-160CAADE2422}.Debug|x64.ActiveCfg = Debug|Any CPU
		{38CACB4F-239C-49FF-BEB4-160CAADE2422}.Debug|x64.Build.0 = Debug|Any CPU
		{38CACB4F-239C-49FF-BEB4-160CAADE2422}.Debug|x86.ActiveCfg = Debug|Any CPU
		{38CACB4F-239C-49FF-BEB4-160CAADE2422}.Debug|x86.Build.0 = Debug|Any CPU
		{38CACB4F-239C-49FF-BEB4-160CAADE2422}.Release|Any CPU.ActiveCfg = Release|Any CPU
		{38CACB4F-239C-49FF-BEB4-160CAADE2422}.Release|Any CPU.Build.0 = Release|Any CPU
		{38CACB4F-239C-49FF-BEB4-160CAADE2422}.Release|x64.ActiveCfg = Release|Any CPU
		{38CACB4F-239C-49FF-BEB4-160CAADE2422}.Release|x64.Build.0 = Release|Any CPU
		{38CACB4F-239C-49FF-BEB4-160CAADE2422}.Release|x86.ActiveCfg = Release|Any CPU
		{38CACB4F-239C-49FF-BEB4-160CAADE2422}.Release|x86.Build.0 = Release|Any CPU
		{E78BC492-0E36-4876-8FC4-D8908A53DAA2}.Debug|Any CPU.ActiveCfg = Debug|Any CPU
		{E78BC492-0E36-4876-8FC4-D8908A53DAA2}.Debug|Any CPU.Build.0 = Debug|Any CPU
		{E78BC492-0E36-4876-8FC4-D8908A53DAA2}.Debug|x64.ActiveCfg = Debug|Any CPU
		{E78BC492-0E36-4876-8FC4-D8908A53DAA2}.Debug|x64.Build.0 = Debug|Any CPU
		{E78BC492-0E36-4876-8FC4-D8908A53DAA2}.Debug|x86.ActiveCfg = Debug|Any CPU
		{E78BC492-0E36-4876-8FC4-D8908A53DAA2}.Debug|x86.Build.0 = Debug|Any CPU
		{E78BC492-0E36-4876-8FC4-D8908A53DAA2}.Release|Any CPU.ActiveCfg = Release|Any CPU
		{E78BC492-0E36-4876-8FC4-D8908A53DAA2}.Release|Any CPU.Build.0 = Release|Any CPU
		{E78BC492-0E36-4876-8FC4-D8908A53DAA2}.Release|x64.ActiveCfg = Release|Any CPU
		{E78BC492-0E36-4876-8FC4-D8908A53DAA2}.Release|x64.Build.0 = Release|Any CPU
		{E78BC492-0E36-4876-8FC4-D8908A53DAA2}.Release|x86.ActiveCfg = Release|Any CPU
		{E78BC492-0E36-4876-8FC4-D8908A53DAA2}.Release|x86.Build.0 = Release|Any CPU
	EndGlobalSection

	GlobalSection(SolutionProperties) = preSolution
		HideSolutionNode = FALSE
	EndGlobalSection

	GlobalSection(NestedProjects) = preSolution
		{81034408-37C8-1011-444E-4C15C2FADA8E} = {827E0CD3-B72D-47B6-A68D-7590B98EB39B}
		{294331CA-3224-4A2F-A557-73F0018CAC61} = {81034408-37C8-1011-444E-4C15C2FADA8E}
		{8D626EA8-CB54-BC41-363A-217881BEBA6E} = {827E0CD3-B72D-47B6-A68D-7590B98EB39B}
		{E30A4630-CF3D-041B-5C8A-3C91D48EEA9E} = {8D626EA8-CB54-BC41-363A-217881BEBA6E}
		{BCFF7CA0-8148-4CCE-A6F6-BE62B0BA9351} = {E30A4630-CF3D-041B-5C8A-3C91D48EEA9E}
		{9048EB7F-3875-A59E-E36B-5BD4C6F2A282} = {827E0CD3-B72D-47B6-A68D-7590B98EB39B}
		{7E4628F6-5B40-F452-D590-E56E753E3C1F} = {9048EB7F-3875-A59E-E36B-5BD4C6F2A282}
		{90EC0863-9A60-43C0-9D9E-786C59E9B81F} = {7E4628F6-5B40-F452-D590-E56E753E3C1F}
		{AC5B9AF4-778F-11EA-E6E3-4E8474AEC7E4} = {8D626EA8-CB54-BC41-363A-217881BEBA6E}
		{6AF4EA72-CF5B-4400-BC4A-A9F5BF9CFB64} = {AC5B9AF4-778F-11EA-E6E3-4E8474AEC7E4}
		{0AC990EA-A87E-64B3-9F49-BCAADCA6902B} = {9048EB7F-3875-A59E-E36B-5BD4C6F2A282}
		{51372361-453D-4B13-A9D5-39753DE8F03B} = {0AC990EA-A87E-64B3-9F49-BCAADCA6902B}
		{DADA25D2-91ED-DD17-EEC4-10F9A22E2B61} = {9048EB7F-3875-A59E-E36B-5BD4C6F2A282}
		{558DC9C5-209F-0C97-5A02-E2FED02EA1D3} = {DADA25D2-91ED-DD17-EEC4-10F9A22E2B61}
		{635C9AB8-1C62-47CB-A0B7-2BE4F2C7B694} = {558DC9C5-209F-0C97-5A02-E2FED02EA1D3}
		{B22F2D0D-CB88-B0C2-D2B6-FA1066FFB84A} = {DADA25D2-91ED-DD17-EEC4-10F9A22E2B61}
		{B0F095F9-6E41-4F88-9C3B-300C3645FD47} = {B22F2D0D-CB88-B0C2-D2B6-FA1066FFB84A}
		{0A7E7CF0-AA2C-09AB-D9A4-1A7E51578553} = {9048EB7F-3875-A59E-E36B-5BD4C6F2A282}
		{2969CFE7-C509-442E-9423-97A290B7FEC6} = {0A7E7CF0-AA2C-09AB-D9A4-1A7E51578553}
		{03997797-E7F5-0643-168D-B8EA7178C2FE} = {827E0CD3-B72D-47B6-A68D-7590B98EB39B}
		{4DDB4223-E6D5-4FC8-9BFD-997DF1D31359} = {03997797-E7F5-0643-168D-B8EA7178C2FE}
		{5C35D9BE-388A-8745-CD5F-BB8E361A8720} = {0AB3BF05-4346-4AA6-1389-037BE0695223}
		{DD26227D-6804-4273-26FB-2663AABF20D4} = {5C35D9BE-388A-8745-CD5F-BB8E361A8720}
		{DCB64040-3E35-41AC-B491-57E90BDA34DB} = {DD26227D-6804-4273-26FB-2663AABF20D4}
		{32FAC547-487D-036E-529A-3A67AA3D757B} = {5C35D9BE-388A-8745-CD5F-BB8E361A8720}
		{AADE660D-5F79-4F2E-AAEE-61A1FEBAE55C} = {32FAC547-487D-036E-529A-3A67AA3D757B}
		{8A547239-3350-DF05-EFBA-3A91D19B1EC5} = {0AB3BF05-4346-4AA6-1389-037BE0695223}
		{91D01082-7AC7-BFA7-1772-F5C4C4F6F1AD} = {8A547239-3350-DF05-EFBA-3A91D19B1EC5}
		{04C75D95-5E76-4C72-89C8-D6FAC8CD7E82} = {91D01082-7AC7-BFA7-1772-F5C4C4F6F1AD}
		{B67DDE88-3CCB-D6C4-3B24-5975E3DC406F} = {8A547239-3350-DF05-EFBA-3A91D19B1EC5}
		{C9B24B10-0EF4-4262-AD7C-B27C6B1EAF88} = {B67DDE88-3CCB-D6C4-3B24-5975E3DC406F}
		{E8907EB9-5E83-3880-CFAC-B486511CC87F} = {8A547239-3350-DF05-EFBA-3A91D19B1EC5}
		{8BCA9F4A-DB5A-1F03-9F50-1A192E10E0FD} = {E8907EB9-5E83-3880-CFAC-B486511CC87F}
		{99CA1986-1B32-4D61-A656-7DC85B5A1774} = {8BCA9F4A-DB5A-1F03-9F50-1A192E10E0FD}
		{5C4E8EDA-F03A-4CAA-7FBF-F265CFB34926} = {E8907EB9-5E83-3880-CFAC-B486511CC87F}
		{190865AB-6051-4F3B-BC6F-77BC260D3BE4} = {5C4E8EDA-F03A-4CAA-7FBF-F265CFB34926}
		{87177AF3-BA25-147A-2110-E5A7CDE81EEA} = {8A547239-3350-DF05-EFBA-3A91D19B1EC5}
		{38CACB4F-239C-49FF-BEB4-160CAADE2422} = {87177AF3-BA25-147A-2110-E5A7CDE81EEA}
		{62EB4910-3085-D5F7-07F0-ADDD05668AE4} = {0AB3BF05-4346-4AA6-1389-037BE0695223}
		{E78BC492-0E36-4876-8FC4-D8908A53DAA2} = {62EB4910-3085-D5F7-07F0-ADDD05668AE4}
	EndGlobalSection
EndGlobal
